
Microsoft Visual Studio Solution File, Format Version 12.00
# Visual Studio Version 16
VisualStudioVersion = 25.0.1706.9
MinimumVisualStudioVersion = 10.0.40219.1
Project("{FAE04EC0-301F-11D3-BF4B-00C04F79EFBC}") = "GenericsDemoPrep2024", "GenericsDemoPrep2024\GenericsDemoPrep2024.csproj", "{39748C23-CF67-4D07-9560-B9D9B405FE3E}"
EndProject
Global
	GlobalSection(SolutionConfigurationPlatforms) = preSolution
		Debug|Any CPU = Debug|Any CPU
		Release|Any CPU = Release|Any CPU
	EndGlobalSection
	GlobalSection(ProjectConfigurationPlatforms) = postSolution
		{39748C23-CF67-4D07-9560-B9D9B405FE3E}.Debug|Any CPU.ActiveCfg = Debug|Any CPU
		{39748C23-CF67-4D07-9560-B9D9B405FE3E}.Debug|Any CPU.Build.0 = Debug|Any CPU
		{39748C23-CF67-4D07-9560-B9D9B405FE3E}.Release|Any CPU.ActiveCfg = Release|Any CPU
		{39748C23-CF67-4D07-9560-B9D9B405FE3E}.Release|Any CPU.Build.0 = Release|Any CPU
	EndGlobalSection
	GlobalSection(SolutionProperties) = preSolution
		HideSolutionNode = FALSE
	EndGlobalSection
	GlobalSection(ExtensibilityGlobals) = postSolution
		SolutionGuid = {14C519DF-71BC-4FB6-B041-D7B954B3AE93}
	EndGlobalSection
EndGlobal
